
Microsoft Visual Studio Solution File, Format Version 12.00
# Visual Studio Version 16
VisualStudioVersion = 16.0.30804.86
MinimumVisualStudioVersion = 10.0.40219.1
Project("{9A19103F-16F7-4668-BE54-9A1E7A4F7556}") = "DataAccess", "DataAccess\DataAccess.csproj", "{114CB507-88ED-4852-A6E5-6A76D2B77CF3}"
EndProject
Project("{9A19103F-16F7-4668-BE54-9A1E7A4F7556}") = "Business", "Business\Business.csproj", "{CEE15955-070C-4D43-844F-436A1BBF6259}"
EndProject
Project("{9A19103F-16F7-4668-BE54-9A1E7A4F7556}") = "Entities", "Entities\Entities.csproj", "{6951E4BD-B46E-46D7-9982-72B0725DEE7C}"
EndProject
Project("{9A19103F-16F7-4668-BE54-9A1E7A4F7556}") = "ConsoleUI", "ConsoleUI\ConsoleUI.csproj", "{C1C093D0-A5B9-42B2-AC73-ECF5BE0DC531}"
EndProject
Project("{FAE04EC0-301F-11D3-BF4B-00C04F79EFBC}") = "Core", "Core\Core.csproj", "{22C5FCE3-E576-43CE-AB1B-A47B4ED3241A}"
EndProject
Global
	GlobalSection(SolutionConfigurationPlatforms) = preSolution
		Debug|Any CPU = Debug|Any CPU
		Release|Any CPU = Release|Any CPU
	EndGlobalSection
	GlobalSection(ProjectConfigurationPlatforms) = postSolution
		{114CB507-88ED-4852-A6E5-6A76D2B77CF3}.Debug|Any CPU.ActiveCfg = Debug|Any CPU
		{114CB507-88ED-4852-A6E5-6A76D2B77CF3}.Debug|Any CPU.Build.0 = Debug|Any CPU
		{114CB507-88ED-4852-A6E5-6A76D2B77CF3}.Release|Any CPU.ActiveCfg = Release|Any CPU
		{114CB507-88ED-4852-A6E5-6A76D2B77CF3}.Release|Any CPU.Build.0 = Release|Any CPU
		{CEE15955-070C-4D43-844F-436A1BBF6259}.Debug|Any CPU.ActiveCfg = Debug|Any CPU
		{CEE15955-070C-4D43-844F-436A1BBF6259}.Debug|Any CPU.Build.0 = Debug|Any CPU
		{CEE15955-070C-4D43-844F-436A1BBF6259}.Release|Any CPU.ActiveCfg = Release|Any CPU
		{CEE15955-070C-4D43-844F-436A1BBF6259}.Release|Any CPU.Build.0 = Release|Any CPU
		{6951E4BD-B46E-46D7-9982-72B0725DEE7C}.Debug|Any CPU.ActiveCfg = Debug|Any CPU
		{6951E4BD-B46E-46D7-9982-72B0725DEE7C}.Debug|Any CPU.Build.0 = Debug|Any CPU
		{6951E4BD-B46E-46D7-9982-72B0725DEE7C}.Release|Any CPU.ActiveCfg = Release|Any CPU
		{6951E4BD-B46E-46D7-9982-72B0725DEE7C}.Release|Any CPU.Build.0 = Release|Any CPU
		{C1C093D0-A5B9-42B2-AC73-ECF5BE0DC531}.Debug|Any CPU.ActiveCfg = Debug|Any CPU
		{C1C093D0-A5B9-42B2-AC73-ECF5BE0DC531}.Debug|Any CPU.Build.0 = Debug|Any CPU
		{C1C093D0-A5B9-42B2-AC73-ECF5BE0DC531}.Release|Any CPU.ActiveCfg = Release|Any CPU
		{C1C093D0-A5B9-42B2-AC73-ECF5BE0DC531}.Release|Any CPU.Build.0 = Release|Any CPU
		{22C5FCE3-E576-43CE-AB1B-A47B4ED3241A}.Debug|Any CPU.ActiveCfg = Debug|Any CPU
		{22C5FCE3-E576-43CE-AB1B-A47B4ED3241A}.Debug|Any CPU.Build.0 = Debug|Any CPU
		{22C5FCE3-E576-43CE-AB1B-A47B4ED3241A}.Release|Any CPU.ActiveCfg = Release|Any CPU
		{22C5FCE3-E576-43CE-AB1B-A47B4ED3241A}.Release|Any CPU.Build.0 = Release|Any CPU
	EndGlobalSection
	GlobalSection(SolutionProperties) = preSolution
		HideSolutionNode = FALSE
	EndGlobalSection
	GlobalSection(ExtensibilityGlobals) = postSolution
		SolutionGuid = {547D13E2-EF0F-43CC-856D-01E6B3936B34}
	EndGlobalSection
EndGlobal
